{
  "name": "@nodelint/policies",
  "version": "1.0.0",
  "lockfileVersion": 2,
  "requires": true,
  "packages": {
    "": {
      "name": "@nodelint/policies",
      "version": "1.0.0",
      "license": "MIT",
      "workspaces": [
        "customPolicy"
      ]
    },
    "customPolicy": {
      "name": "custompolicy",
      "version": "1.0.0",
      "license": "MIT"
    },
    "node_modules/custompolicy": {
      "resolved": "customPolicy",
      "link": true
    }
  },
  "dependencies": {
    "custompolicy": {
      "version": "file:customPolicy"
    }
  }
}
